# This file is automatically @generated by Cargo.
# It is not intended for manual editing.
version = 3

[[package]]
name = "bare-future"
version = "0.1.0"
dependencies = [
 "libc",
 "once_cell",
 "parking",
 "polling",
 "slab",
]

[[package]]
name = "cc"
version = "1.0.70"
source = "registry+https://github.com/rust-lang/crates.io-index"
checksum = "d26a6ce4b6a484fa3edb70f7efa6fc430fd2b87285fe8b84304fd0936faa0dc0"

[[package]]
name = "cfg-if"
version = "1.0.0"
source = "registry+https://github.com/rust-lang/crates.io-index"
checksum = "baf1de4339761588bc0619e3cbc0120ee582ebb74b53b4efbf79117bd2da40fd"

[[package]]
name = "libc"
version = "0.2.103"
source = "registry+https://github.com/rust-lang/crates.io-index"
checksum = "dd8f7255a17a627354f321ef0055d63b898c6fb27eff628af4d1b66b7331edf6"

[[package]]
name = "log"
version = "0.4.14"
source = "registry+https://github.com/rust-lang/crates.io-index"
checksum = "51b9bbe6c47d51fc3e1a9b945965946b4c44142ab8792c50835a980d362c2710"
dependencies = [
 "cfg-if",
]

[[package]]
name = "once_cell"
version = "1.8.0"
source = "registry+https://github.com/rust-lang/crates.io-index"
checksum = "692fcb63b64b1758029e0a96ee63e049ce8c5948587f2f7208df04625e5f6b56"

[[package]]
name = "parking"
version = "2.0.0"
source = "registry+https://github.com/rust-lang/crates.io-index"
checksum = "427c3892f9e783d91cc128285287e70a59e206ca452770ece88a76f7a3eddd72"

[[package]]
name = "polling"
version = "2.1.0"
source = "registry+https://github.com/rust-lang/crates.io-index"
checksum = "92341d779fa34ea8437ef4d82d440d5e1ce3f3ff7f824aa64424cd481f9a1f25"
dependencies = [
 "cfg-if",
 "libc",
 "log",
 "wepoll-ffi",
 "winapi",
]

[[package]]
name = "slab"
version = "0.4.4"
source = "registry+https://github.com/rust-lang/crates.io-index"
checksum = "c307a32c1c5c437f38c7fd45d753050587732ba8628319fbdf12a7e289ccc590"

[[package]]
name = "wepoll-ffi"
version = "0.1.2"
source = "registry+https://github.com/rust-lang/crates.io-index"
checksum = "d743fdedc5c64377b5fc2bc036b01c7fd642205a0d96356034ae3404d49eb7fb"
dependencies = [
 "cc",
]

[[package]]
name = "winapi"
version = "0.3.9"
source = "registry+https://github.com/rust-lang/crates.io-index"
checksum = "5c839a674fcd7a98952e593242ea400abe93992746761e38641405d28b00f419"
dependencies = [
 "winapi-i686-pc-windows-gnu",
 "winapi-x86_64-pc-windows-gnu",
]

[[package]]
name = "winapi-i686-pc-windows-gnu"
version = "0.4.0"
source = "registry+https://github.com/rust-lang/crates.io-index"
checksum = "ac3b87c63620426dd9b991e5ce0329eff545bccbbb34f3be09ff6fb6ab51b7b6"

[[package]]
name = "winapi-x86_64-pc-windows-gnu"
version = "0.4.0"
source = "registry+https://github.com/rust-lang/crates.io-index"
checksum = "712e227841d057c1ee1cd2fb22fa7e5a5461ae8e48fa2ca79ec42cfc1931183f"
